
Microsoft Visual Studio Solution File, Format Version 12.00
# Visual Studio Version 16
VisualStudioVersion = 16.0.30309.148
MinimumVisualStudioVersion = 10.0.40219.1
Project("{FAE04EC0-301F-11D3-BF4B-00C04F79EFBC}") = "Controls2", "Controls2\Controls2.csproj", "{CE46D25C-74F1-481C-A966-5F0321837A73}"
EndProject
Global
	GlobalSection(SolutionConfigurationPlatforms) = preSolution
		Debug|Any CPU = Debug|Any CPU
		Release|Any CPU = Release|Any CPU
	EndGlobalSection
	GlobalSection(ProjectConfigurationPlatforms) = postSolution
		{CE46D25C-74F1-481C-A966-5F0321837A73}.Debug|Any CPU.ActiveCfg = Debug|Any CPU
		{CE46D25C-74F1-481C-A966-5F0321837A73}.Debug|Any CPU.Build.0 = Debug|Any CPU
		{CE46D25C-74F1-481C-A966-5F0321837A73}.Release|Any CPU.ActiveCfg = Release|Any CPU
		{CE46D25C-74F1-481C-A966-5F0321837A73}.Release|Any CPU.Build.0 = Release|Any CPU
	EndGlobalSection
	GlobalSection(SolutionProperties) = preSolution
		HideSolutionNode = FALSE
	EndGlobalSection
	GlobalSection(ExtensibilityGlobals) = postSolution
		SolutionGuid = {7593428B-932F-476F-B98F-8514AFD94D31}
	EndGlobalSection
EndGlobal
